
Microsoft Visual Studio Solution File, Format Version 12.00
# Visual Studio Version 17
VisualStudioVersion = 17.11.35312.102
MinimumVisualStudioVersion = 10.0.40219.1
Project("{9A19103F-16F7-4668-BE54-9A1E7A4F7556}") = "TestLab_2_3", "TestLab_2_3\TestLab_2_3.csproj", "{890707FE-DAD8-4F86-B5B1-9B33C3BF3B6F}"
EndProject
Project("{9A19103F-16F7-4668-BE54-9A1E7A4F7556}") = "Lab_2_3", "..\Lab_2_3\Lab_2_3\Lab_2_3.csproj", "{C61BA237-A3E9-440B-A197-4155A90549E4}"
EndProject
Global
	GlobalSection(SolutionConfigurationPlatforms) = preSolution
		Debug|Any CPU = Debug|Any CPU
		Release|Any CPU = Release|Any CPU
	EndGlobalSection
	GlobalSection(ProjectConfigurationPlatforms) = postSolution
		{890707FE-DAD8-4F86-B5B1-9B33C3BF3B6F}.Debug|Any CPU.ActiveCfg = Debug|Any CPU
		{890707FE-DAD8-4F86-B5B1-9B33C3BF3B6F}.Debug|Any CPU.Build.0 = Debug|Any CPU
		{890707FE-DAD8-4F86-B5B1-9B33C3BF3B6F}.Release|Any CPU.ActiveCfg = Release|Any CPU
		{890707FE-DAD8-4F86-B5B1-9B33C3BF3B6F}.Release|Any CPU.Build.0 = Release|Any CPU
		{C61BA237-A3E9-440B-A197-4155A90549E4}.Debug|Any CPU.ActiveCfg = Debug|Any CPU
		{C61BA237-A3E9-440B-A197-4155A90549E4}.Debug|Any CPU.Build.0 = Debug|Any CPU
		{C61BA237-A3E9-440B-A197-4155A90549E4}.Release|Any CPU.ActiveCfg = Release|Any CPU
		{C61BA237-A3E9-440B-A197-4155A90549E4}.Release|Any CPU.Build.0 = Release|Any CPU
	EndGlobalSection
	GlobalSection(SolutionProperties) = preSolution
		HideSolutionNode = FALSE
	EndGlobalSection
	GlobalSection(ExtensibilityGlobals) = postSolution
		SolutionGuid = {E2627C10-BF80-4787-8972-6C556A276FBB}
	EndGlobalSection
EndGlobal
